{
  "name": "imooc-029-test",
  "version": "1.0.1",
  "lockfileVersion": 3,
  "requires": true,
  "packages": {
    "": {
      "name": "imooc-029-test",
      "version": "1.0.1",
      "license": "ISC",
      "dependencies": {
        "imoocwl-test-lib": "^1.0.1"
      },
      "bin": {
        "imooc-test": "bin/index.js"
      }
    },
    "../imooc-029-test-lib": {
      "name": "imoocwl-test-lib",
      "version": "1.0.1",
      "extraneous": true,
      "license": "ISC"
    },
    "node_modules/imoocwl-test-lib": {
      "version": "1.0.1",
      "resolved": "https://registry.npmjs.org/imoocwl-test-lib/-/imoocwl-test-lib-1.0.1.tgz",
      "integrity": "sha512-d0rnp0oDUoR4oAf9d0Z7P719Y3ft7LecjWLEMWHPLpWoEFieSSZnzZRN/jYKSUINoGPYSNrY5i5yhgpDYzktOQ=="
    }
  }
}
